{
  "requires": true,
  "lockfileVersion": 1,
  "dependencies": {
    "crypto": {
      "version": "1.0.1",
      "resolved": "http://registry.npm.taobao.org/crypto/download/crypto-1.0.1.tgz",
      "integrity": "sha1-KvG3ytgXXSTIobB3glV5SiGAMDc="
    },
    "mime": {
      "version": "2.4.0",
      "resolved": "http://registry.npm.taobao.org/mime/download/mime-2.4.0.tgz",
      "integrity": "sha1-4FH9iBNYWF8yed8zP+aU2gvP/dY="
    }
  }
}
